
Microsoft Visual Studio Solution File, Format Version 12.00
# Visual Studio Version 17
VisualStudioVersion = 17.8.34330.188
MinimumVisualStudioVersion = 10.0.40219.1
Project("{FAE04EC0-301F-11D3-BF4B-00C04F79EFBC}") = "RFord.Projects.SpongeBobCaser", "RFord.Projects.SpongeBobCaser\RFord.Projects.SpongeBobCaser.csproj", "{7898B180-3ABF-42C1-ACD1-008CB05FF79C}"
EndProject
Global
	GlobalSection(SolutionConfigurationPlatforms) = preSolution
		Debug|Any CPU = Debug|Any CPU
		Release|Any CPU = Release|Any CPU
	EndGlobalSection
	GlobalSection(ProjectConfigurationPlatforms) = postSolution
		{7898B180-3ABF-42C1-ACD1-008CB05FF79C}.Debug|Any CPU.ActiveCfg = Debug|Any CPU
		{7898B180-3ABF-42C1-ACD1-008CB05FF79C}.Debug|Any CPU.Build.0 = Debug|Any CPU
		{7898B180-3ABF-42C1-ACD1-008CB05FF79C}.Release|Any CPU.ActiveCfg = Release|Any CPU
		{7898B180-3ABF-42C1-ACD1-008CB05FF79C}.Release|Any CPU.Build.0 = Release|Any CPU
	EndGlobalSection
	GlobalSection(SolutionProperties) = preSolution
		HideSolutionNode = FALSE
	EndGlobalSection
	GlobalSection(ExtensibilityGlobals) = postSolution
		SolutionGuid = {77E3A3A5-2364-4263-AB1C-B80D21E798B1}
	EndGlobalSection
EndGlobal
